{
  "version": 2,
  "dependencies": {
    "net10.0": {
      "Elmish": {
        "type": "Direct",
        "requested": "[5.0.2, )",
        "resolved": "5.0.2",
        "contentHash": "EUSEpxcXAZ93L02FSTBwP4AQGIZBnJT3udI/DE2kDIir7rjtcolTSjUjk41AgR+C69MvuHi18cN8TPh4L8EY3w=="
      },
      "FSharp.Core": {
        "type": "Direct",
        "requested": "[10.1.301, )",
        "resolved": "10.1.301",
        "contentHash": "excLf2zM/qUB3WhRUfI0xvOOaPwcRAEdYT/BXe9eiTKySnWVuIKMQTf5+6ETy5nsb1dpLp1s2j2yAM/XcRgFMg=="
      },
      "Microsoft.DotNet.PlatformAbstractions": {
        "type": "Transitive",
        "resolved": "3.1.6",
        "contentHash": "jek4XYaQ/PGUwDKKhwR8K47Uh1189PFzMeLqO83mXrXQVIpARZCcfuDedH50YDTepBkfijCZN5U/vZi++erxtg=="
      },
      "Microsoft.Extensions.DependencyModel": {
        "type": "Transitive",
        "resolved": "9.0.9",
        "contentHash": "fNGvKct2De8ghm0Bpfq0iWthtzIWabgOTi+gJhNOPhNJIowXNEUE2eZNW/zNCzrHVA3PXg2yZ+3cWZndC2IqYA=="
      },
      "Silk.NET.Core": {
        "type": "Transitive",
        "resolved": "2.23.0",
        "contentHash": "D7AT/nnwlB+4RZ84XY8QNGBZMJI5z9l4CSSETIJ1wCfRJzRt/341y3MRZ4HbnFz4r/IGaWOEZr86iE+0/65yyQ==",
        "dependencies": {
          "Microsoft.DotNet.PlatformAbstractions": "3.1.6",
          "Microsoft.Extensions.DependencyModel": "9.0.9"
        }
      },
      "fs.gg.audio.core": {
        "type": "Project",
        "dependencies": {
          "FSharp.Core": "[10.1.301, )"
        }
      },
      "fs.gg.audio.elmish": {
        "type": "Project",
        "dependencies": {
          "Elmish": "[5.0.2, )",
          "FS.GG.Audio.Core": "[0.2.0, )",
          "FS.GG.Audio.Engine": "[0.2.0, )",
          "FS.GG.Audio.Host": "[0.2.0, )",
          "FSharp.Core": "[10.1.301, )"
        }
      },
      "fs.gg.audio.engine": {
        "type": "Project",
        "dependencies": {
          "FS.GG.Audio.Core": "[0.2.0, )",
          "FS.GG.Audio.Host": "[0.2.0, )",
          "FSharp.Core": "[10.1.301, )"
        }
      },
      "fs.gg.audio.host": {
        "type": "Project",
        "dependencies": {
          "FS.GG.Audio.Core": "[0.2.0, )",
          "FSharp.Core": "[10.1.301, )",
          "Silk.NET.OpenAL": "[2.23.0, )",
          "Silk.NET.OpenAL.Soft.Native": "[1.23.1, )"
        }
      },
      "Silk.NET.OpenAL": {
        "type": "CentralTransitive",
        "requested": "[2.23.0, )",
        "resolved": "2.23.0",
        "contentHash": "O8EaDRWGOcKniZ2VxKD/xOmugzUJz747KpqGRw3cezDsz8nD66OZW217o1rT06cG76f8eYigy/yY6eRdhRqHHQ==",
        "dependencies": {
          "Silk.NET.Core": "2.23.0"
        }
      },
      "Silk.NET.OpenAL.Soft.Native": {
        "type": "CentralTransitive",
        "requested": "[1.23.1, )",
        "resolved": "1.23.1",
        "contentHash": "gZIbksInoiXbJZmepYnTs5O6Edg5O5k86c1+Uus0zSaVnQx5WRbInGz2VTlvudbs0qAqXs/asL1YvJzco/nfAQ=="
      }
    }
  }
}